
Microsoft Visual Studio Solution File, Format Version 12.00
Project("{FAE04EC0-301F-11D3-BF4B-00C04F79EFBC}") = "PEIS", "PEIS\PEIS.csproj", "{FF6AC9D3-8636-4EEB-B586-5E5C1C7C8E32}"
EndProject
Global
	GlobalSection(SolutionConfigurationPlatforms) = preSolution
		Debug|Any CPU = Debug|Any CPU
		Release|Any CPU = Release|Any CPU
	EndGlobalSection
	GlobalSection(ProjectConfigurationPlatforms) = postSolution
		{FF6AC9D3-8636-4EEB-B586-5E5C1C7C8E32}.Debug|Any CPU.ActiveCfg = Debug|Any CPU
		{FF6AC9D3-8636-4EEB-B586-5E5C1C7C8E32}.Debug|Any CPU.Build.0 = Debug|Any CPU
		{FF6AC9D3-8636-4EEB-B586-5E5C1C7C8E32}.Release|Any CPU.ActiveCfg = Release|Any CPU
		{FF6AC9D3-8636-4EEB-B586-5E5C1C7C8E32}.Release|Any CPU.Build.0 = Release|Any CPU
	EndGlobalSection
EndGlobal
